// !$*UTF8*$!
{
	archiveVersion = 1;
	classes = {
	};
	objectVersion = 50;
	objects = {

/* Begin PBXBuildFile section */
		70ABE6B326219E9B00196BAD /* DisplayLogsOneViewController.swift in Sources */ = {isa = PBXBuildFile; fileRef = 70ABE6B226219E9B00196BAD /* DisplayLogsOneViewController.swift */; };
		70ABE6B626219EC700196BAD /* DisplayLogTwoViewController.swift in Sources */ = {isa = PBXBuildFile; fileRef = 70ABE6B526219EC700196BAD /* DisplayLogTwoViewController.swift */; };
		70ABE6BA26219F2C00196BAD /* Main.storyboard in Resources */ = {isa = PBXBuildFile; fileRef = 70ABE6B926219F2C00196BAD /* Main.storyboard */; };
		70ABE6C82621B1A600196BAD /* DataExampleViewController.swift in Sources */ = {isa = PBXBuildFile; fileRef = 70ABE6C72621B1A600196BAD /* DataExampleViewController.swift */; };
		70E599BA26240D3500110F63 /* TempDataUpmood.xcdatamodeld in Sources */ = {isa = PBXBuildFile; fileRef = 70E599B826240D3500110F63 /* TempDataUpmood.xcdatamodeld */; };
		B414D3A32620618E0035EE90 /* ReusableSlider.xib in Resources */ = {isa = PBXBuildFile; fileRef = B414D3A22620618E0035EE90 /* ReusableSlider.xib */; };
		B4170417261B7550004FF9D9 /* AppDelegate.swift in Sources */ = {isa = PBXBuildFile; fileRef = B4170416261B7550004FF9D9 /* AppDelegate.swift */; };
		B4170419261B7550004FF9D9 /* SceneDelegate.swift in Sources */ = {isa = PBXBuildFile; fileRef = B4170418261B7550004FF9D9 /* SceneDelegate.swift */; };
		B4170420261B7551004FF9D9 /* Assets.xcassets in Resources */ = {isa = PBXBuildFile; fileRef = B417041F261B7551004FF9D9 /* Assets.xcassets */; };
<<<<<<< HEAD
=======
		B4170423261B7551004FF9D9 /* LaunchScreen.storyboard in Resources */ = {isa = PBXBuildFile; fileRef = B4170421261B7551004FF9D9 /* LaunchScreen.storyboard */; };
		B4181ED72623129A00E7A022 /* ReusableLogsCell.swift in Sources */ = {isa = PBXBuildFile; fileRef = B4181ED52623129A00E7A022 /* ReusableLogsCell.swift */; };
		B4181ED82623129A00E7A022 /* ReusableLogsCell.xib in Resources */ = {isa = PBXBuildFile; fileRef = B4181ED62623129A00E7A022 /* ReusableLogsCell.xib */; };
		B4181EDB262314A700E7A022 /* Logs.storyboard in Resources */ = {isa = PBXBuildFile; fileRef = B4181EDA262314A700E7A022 /* Logs.storyboard */; };
		B4181EDF262319E700E7A022 /* LogTableViewCellController.swift in Sources */ = {isa = PBXBuildFile; fileRef = B4181EDE262319E700E7A022 /* LogTableViewCellController.swift */; };
		B4181EE726231B1E00E7A022 /* LogsStruct.swift in Sources */ = {isa = PBXBuildFile; fileRef = B4181EE626231B1E00E7A022 /* LogsStruct.swift */; };
>>>>>>> main
		B42D12B826205A1800F2CBEF /* ReusableSlider.swift in Sources */ = {isa = PBXBuildFile; fileRef = B42D12B726205A1800F2CBEF /* ReusableSlider.swift */; };
		B4D20FCD261DA2BC002B101F /* ReusableReasonCell.swift in Sources */ = {isa = PBXBuildFile; fileRef = B4D20FCB261DA2BC002B101F /* ReusableReasonCell.swift */; };
		B4D20FCE261DA2BC002B101F /* ReusableReasonCell.xib in Resources */ = {isa = PBXBuildFile; fileRef = B4D20FCC261DA2BC002B101F /* ReusableReasonCell.xib */; };
		B4D20FD3261DAB50002B101F /* CustomEmotionStruct.swift in Sources */ = {isa = PBXBuildFile; fileRef = B4D20FD2261DAB50002B101F /* CustomEmotionStruct.swift */; };
/* End PBXBuildFile section */

/* Begin PBXFileReference section */
		70ABE6B226219E9B00196BAD /* DisplayLogsOneViewController.swift */ = {isa = PBXFileReference; lastKnownFileType = sourcecode.swift; path = DisplayLogsOneViewController.swift; sourceTree = "<group>"; };
		70ABE6B526219EC700196BAD /* DisplayLogTwoViewController.swift */ = {isa = PBXFileReference; lastKnownFileType = sourcecode.swift; path = DisplayLogTwoViewController.swift; sourceTree = "<group>"; };
		70ABE6B926219F2C00196BAD /* Main.storyboard */ = {isa = PBXFileReference; lastKnownFileType = file.storyboard; path = Main.storyboard; sourceTree = "<group>"; };
		70ABE6C72621B1A600196BAD /* DataExampleViewController.swift */ = {isa = PBXFileReference; lastKnownFileType = sourcecode.swift; path = DataExampleViewController.swift; sourceTree = "<group>"; };
		70E599B926240D3500110F63 /* TempDataUpmood.xcdatamodel */ = {isa = PBXFileReference; lastKnownFileType = wrapper.xcdatamodel; path = TempDataUpmood.xcdatamodel; sourceTree = "<group>"; };
		B414D3A22620618E0035EE90 /* ReusableSlider.xib */ = {isa = PBXFileReference; lastKnownFileType = file.xib; path = ReusableSlider.xib; sourceTree = "<group>"; };
		B4170413261B7550004FF9D9 /* UpMood.app */ = {isa = PBXFileReference; explicitFileType = wrapper.application; includeInIndex = 0; path = UpMood.app; sourceTree = BUILT_PRODUCTS_DIR; };
		B4170416261B7550004FF9D9 /* AppDelegate.swift */ = {isa = PBXFileReference; lastKnownFileType = sourcecode.swift; path = AppDelegate.swift; sourceTree = "<group>"; };
		B4170418261B7550004FF9D9 /* SceneDelegate.swift */ = {isa = PBXFileReference; lastKnownFileType = sourcecode.swift; path = SceneDelegate.swift; sourceTree = "<group>"; };
		B417041F261B7551004FF9D9 /* Assets.xcassets */ = {isa = PBXFileReference; lastKnownFileType = folder.assetcatalog; path = Assets.xcassets; sourceTree = "<group>"; };
		B4170424261B7551004FF9D9 /* Info.plist */ = {isa = PBXFileReference; lastKnownFileType = text.plist.xml; path = Info.plist; sourceTree = "<group>"; };
		B4181ED52623129A00E7A022 /* ReusableLogsCell.swift */ = {isa = PBXFileReference; lastKnownFileType = sourcecode.swift; path = ReusableLogsCell.swift; sourceTree = "<group>"; };
		B4181ED62623129A00E7A022 /* ReusableLogsCell.xib */ = {isa = PBXFileReference; lastKnownFileType = file.xib; path = ReusableLogsCell.xib; sourceTree = "<group>"; };
		B4181EDA262314A700E7A022 /* Logs.storyboard */ = {isa = PBXFileReference; lastKnownFileType = file.storyboard; path = Logs.storyboard; sourceTree = "<group>"; };
		B4181EDE262319E700E7A022 /* LogTableViewCellController.swift */ = {isa = PBXFileReference; lastKnownFileType = sourcecode.swift; path = LogTableViewCellController.swift; sourceTree = "<group>"; };
		B4181EE626231B1E00E7A022 /* LogsStruct.swift */ = {isa = PBXFileReference; lastKnownFileType = sourcecode.swift; path = LogsStruct.swift; sourceTree = "<group>"; };
		B42D12B726205A1800F2CBEF /* ReusableSlider.swift */ = {isa = PBXFileReference; lastKnownFileType = sourcecode.swift; path = ReusableSlider.swift; sourceTree = "<group>"; };
		B4D20FCB261DA2BC002B101F /* ReusableReasonCell.swift */ = {isa = PBXFileReference; lastKnownFileType = sourcecode.swift; path = ReusableReasonCell.swift; sourceTree = "<group>"; };
		B4D20FCC261DA2BC002B101F /* ReusableReasonCell.xib */ = {isa = PBXFileReference; lastKnownFileType = file.xib; path = ReusableReasonCell.xib; sourceTree = "<group>"; };
		B4D20FD2261DAB50002B101F /* CustomEmotionStruct.swift */ = {isa = PBXFileReference; lastKnownFileType = sourcecode.swift; path = CustomEmotionStruct.swift; sourceTree = "<group>"; };
/* End PBXFileReference section */

/* Begin PBXFrameworksBuildPhase section */
		B4170410261B7550004FF9D9 /* Frameworks */ = {
			isa = PBXFrameworksBuildPhase;
			buildActionMask = 2147483647;
			files = (
			);
			runOnlyForDeploymentPostprocessing = 0;
		};
/* End PBXFrameworksBuildPhase section */

/* Begin PBXGroup section */
		1BFCB55B261C667F00062393 /* Controllers */ = {
			isa = PBXGroup;
			children = (
				70ABE6B226219E9B00196BAD /* DisplayLogsOneViewController.swift */,
				70ABE6B526219EC700196BAD /* DisplayLogTwoViewController.swift */,
				70ABE6C72621B1A600196BAD /* DataExampleViewController.swift */,
			);
			path = Controllers;
			sourceTree = "<group>";
		};
		1BFCB55D261C669600062393 /* Models */ = {
			isa = PBXGroup;
			children = (
			);
			path = Models;
			sourceTree = "<group>";
		};
		1BFCB55E261C669A00062393 /* Views */ = {
			isa = PBXGroup;
			children = (
			);
			path = Views;
			sourceTree = "<group>";
		};
		1BFCB560261C66C000062393 /* Support Files */ = {
			isa = PBXGroup;
			children = (
				B4170416261B7550004FF9D9 /* AppDelegate.swift */,
				B4170418261B7550004FF9D9 /* SceneDelegate.swift */,
				B417041F261B7551004FF9D9 /* Assets.xcassets */,
			);
			path = "Support Files";
			sourceTree = "<group>";
		};
		1BFCB561261C66D800062393 /* Storyboards */ = {
			isa = PBXGroup;
			children = (
<<<<<<< HEAD
				70ABE6B926219F2C00196BAD /* Main.storyboard */,
=======
				5B1D0C13261EE2BE00F02203 /* EditLogViewController.xib */,
				B417041C261B7550004FF9D9 /* EditModal.storyboard */,
				B4170421261B7551004FF9D9 /* LaunchScreen.storyboard */,
				701EE3BB261EEB0A004AB422 /* Onboarding.storyboard */,
				B4181EDA262314A700E7A022 /* Logs.storyboard */,
>>>>>>> main
			);
			path = Storyboards;
			sourceTree = "<group>";
		};
		B417040A261B7550004FF9D9 = {
			isa = PBXGroup;
			children = (
				B4170415261B7550004FF9D9 /* UpMood */,
				B4170414261B7550004FF9D9 /* Products */,
			);
			sourceTree = "<group>";
		};
		B4170414261B7550004FF9D9 /* Products */ = {
			isa = PBXGroup;
			children = (
				B4170413261B7550004FF9D9 /* UpMood.app */,
			);
			name = Products;
			sourceTree = "<group>";
		};
		B4170415261B7550004FF9D9 /* UpMood */ = {
			isa = PBXGroup;
			children = (
				B4181EDD262319A100E7A022 /* LogPage */,
				B4D20FD1261DAB25002B101F /* Struct  */,
				B4170424261B7551004FF9D9 /* Info.plist */,
				1BFCB561261C66D800062393 /* Storyboards */,
				1BFCB560261C66C000062393 /* Support Files */,
				1BFCB55E261C669A00062393 /* Views */,
				1BFCB55D261C669600062393 /* Models */,
				B4D20FBB261D9C7D002B101F /* NIB */,
				1BFCB55B261C667F00062393 /* Controllers */,
				70E599B826240D3500110F63 /* TempDataUpmood.xcdatamodeld */,
			);
			path = UpMood;
			sourceTree = "<group>";
		};
		B4181EDD262319A100E7A022 /* LogPage */ = {
			isa = PBXGroup;
			children = (
				B4181EDE262319E700E7A022 /* LogTableViewCellController.swift */,
			);
			path = LogPage;
			sourceTree = "<group>";
		};
		B4D20FBB261D9C7D002B101F /* NIB */ = {
			isa = PBXGroup;
			children = (
				B4D20FCB261DA2BC002B101F /* ReusableReasonCell.swift */,
				B4D20FCC261DA2BC002B101F /* ReusableReasonCell.xib */,
				B42D12B726205A1800F2CBEF /* ReusableSlider.swift */,
				B414D3A22620618E0035EE90 /* ReusableSlider.xib */,
				B4181ED52623129A00E7A022 /* ReusableLogsCell.swift */,
				B4181ED62623129A00E7A022 /* ReusableLogsCell.xib */,
			);
			path = NIB;
			sourceTree = "<group>";
		};
		B4D20FD1261DAB25002B101F /* Struct  */ = {
			isa = PBXGroup;
			children = (
				B4D20FD2261DAB50002B101F /* CustomEmotionStruct.swift */,
				B4181EE626231B1E00E7A022 /* LogsStruct.swift */,
			);
			name = "Struct ";
			sourceTree = "<group>";
		};
/* End PBXGroup section */

/* Begin PBXNativeTarget section */
		B4170412261B7550004FF9D9 /* UpMood */ = {
			isa = PBXNativeTarget;
			buildConfigurationList = B4170427261B7551004FF9D9 /* Build configuration list for PBXNativeTarget "UpMood" */;
			buildPhases = (
				B417040F261B7550004FF9D9 /* Sources */,
				B4170410261B7550004FF9D9 /* Frameworks */,
				B4170411261B7550004FF9D9 /* Resources */,
			);
			buildRules = (
			);
			dependencies = (
			);
			name = UpMood;
			productName = UpMood;
			productReference = B4170413261B7550004FF9D9 /* UpMood.app */;
			productType = "com.apple.product-type.application";
		};
/* End PBXNativeTarget section */

/* Begin PBXProject section */
		B417040B261B7550004FF9D9 /* Project object */ = {
			isa = PBXProject;
			attributes = {
				LastSwiftUpdateCheck = 1240;
				LastUpgradeCheck = 1240;
				TargetAttributes = {
					B4170412261B7550004FF9D9 = {
						CreatedOnToolsVersion = 12.4;
					};
				};
			};
			buildConfigurationList = B417040E261B7550004FF9D9 /* Build configuration list for PBXProject "UpMood" */;
			compatibilityVersion = "Xcode 9.3";
			developmentRegion = en;
			hasScannedForEncodings = 0;
			knownRegions = (
				en,
				Base,
			);
			mainGroup = B417040A261B7550004FF9D9;
			productRefGroup = B4170414261B7550004FF9D9 /* Products */;
			projectDirPath = "";
			projectRoot = "";
			targets = (
				B4170412261B7550004FF9D9 /* UpMood */,
			);
		};
/* End PBXProject section */

/* Begin PBXResourcesBuildPhase section */
		B4170411261B7550004FF9D9 /* Resources */ = {
			isa = PBXResourcesBuildPhase;
			buildActionMask = 2147483647;
			files = (
				B414D3A32620618E0035EE90 /* ReusableSlider.xib in Resources */,
<<<<<<< HEAD
				B4170420261B7551004FF9D9 /* Assets.xcassets in Resources */,
				B4D20FCE261DA2BC002B101F /* CustomTableViewCell.xib in Resources */,
				70ABE6BA26219F2C00196BAD /* Main.storyboard in Resources */,
=======
				5B1D0C15261EE2BE00F02203 /* EditLogViewController.xib in Resources */,
				B4181EDB262314A700E7A022 /* Logs.storyboard in Resources */,
				B4170420261B7551004FF9D9 /* Assets.xcassets in Resources */,
				B4D20FCE261DA2BC002B101F /* ReusableReasonCell.xib in Resources */,
				B417041E261B7550004FF9D9 /* EditModal.storyboard in Resources */,
				B417041E261B7550004FF9D9 /* EditModal.storyboard in Resources */,
				B4181ED82623129A00E7A022 /* ReusableLogsCell.xib in Resources */,
				701EE3BC261EEB0A004AB422 /* Onboarding.storyboard in Resources */,
>>>>>>> main
			);
			runOnlyForDeploymentPostprocessing = 0;
		};
/* End PBXResourcesBuildPhase section */

/* Begin PBXSourcesBuildPhase section */
		B417040F261B7550004FF9D9 /* Sources */ = {
			isa = PBXSourcesBuildPhase;
			buildActionMask = 2147483647;
			files = (
				70E599BA26240D3500110F63 /* TempDataUpmood.xcdatamodeld in Sources */,
				B4170417261B7550004FF9D9 /* AppDelegate.swift in Sources */,
				B4D20FD3261DAB50002B101F /* CustomEmotionStruct.swift in Sources */,
<<<<<<< HEAD
				B4D20FCD261DA2BC002B101F /* CustomTableViewCell.swift in Sources */,
				70ABE6B626219EC700196BAD /* DisplayLogTwoViewController.swift in Sources */,
=======
				B4D20FCD261DA2BC002B101F /* ReusableReasonCell.swift in Sources */,
				5BF9BE0C261DA76400E16DA5 /* EditModalViewController.swift in Sources */,
>>>>>>> main
				B4170419261B7550004FF9D9 /* SceneDelegate.swift in Sources */,
				70ABE6C82621B1A600196BAD /* DataExampleViewController.swift in Sources */,
				B42D12B826205A1800F2CBEF /* ReusableSlider.swift in Sources */,
				B4170417261B7550004FF9D9 /* AppDelegate.swift in Sources */,
<<<<<<< HEAD
=======
				B4181EDF262319E700E7A022 /* LogTableViewCellController.swift in Sources */,
				701EE3C8261EEBB8004AB422 /* StoryViewController3.swift in Sources */,
				B4181EE726231B1E00E7A022 /* LogsStruct.swift in Sources */,
				70996A06261EF7840050DA28 /* OnboardingPageViewController.swift in Sources */,
				B4181ED72623129A00E7A022 /* ReusableLogsCell.swift in Sources */,
				701EE3C5261EEBAA004AB422 /* StoryViewController2.swift in Sources */,
				70996A09261F052D0050DA28 /* StartOnboardingViewController.swift in Sources */,
>>>>>>> main
				B4170419261B7550004FF9D9 /* SceneDelegate.swift in Sources */,
				70ABE6B326219E9B00196BAD /* DisplayLogsOneViewController.swift in Sources */,
			);
			runOnlyForDeploymentPostprocessing = 0;
		};
/* End PBXSourcesBuildPhase section */

/* Begin XCBuildConfiguration section */
		B4170425261B7551004FF9D9 /* Debug */ = {
			isa = XCBuildConfiguration;
			buildSettings = {
				ALWAYS_SEARCH_USER_PATHS = NO;
				CLANG_ANALYZER_NONNULL = YES;
				CLANG_ANALYZER_NUMBER_OBJECT_CONVERSION = YES_AGGRESSIVE;
				CLANG_CXX_LANGUAGE_STANDARD = "gnu++14";
				CLANG_CXX_LIBRARY = "libc++";
				CLANG_ENABLE_MODULES = YES;
				CLANG_ENABLE_OBJC_ARC = YES;
				CLANG_ENABLE_OBJC_WEAK = YES;
				CLANG_WARN_BLOCK_CAPTURE_AUTORELEASING = YES;
				CLANG_WARN_BOOL_CONVERSION = YES;
				CLANG_WARN_COMMA = YES;
				CLANG_WARN_CONSTANT_CONVERSION = YES;
				CLANG_WARN_DEPRECATED_OBJC_IMPLEMENTATIONS = YES;
				CLANG_WARN_DIRECT_OBJC_ISA_USAGE = YES_ERROR;
				CLANG_WARN_DOCUMENTATION_COMMENTS = YES;
				CLANG_WARN_EMPTY_BODY = YES;
				CLANG_WARN_ENUM_CONVERSION = YES;
				CLANG_WARN_INFINITE_RECURSION = YES;
				CLANG_WARN_INT_CONVERSION = YES;
				CLANG_WARN_NON_LITERAL_NULL_CONVERSION = YES;
				CLANG_WARN_OBJC_IMPLICIT_RETAIN_SELF = YES;
				CLANG_WARN_OBJC_LITERAL_CONVERSION = YES;
				CLANG_WARN_OBJC_ROOT_CLASS = YES_ERROR;
				CLANG_WARN_QUOTED_INCLUDE_IN_FRAMEWORK_HEADER = YES;
				CLANG_WARN_RANGE_LOOP_ANALYSIS = YES;
				CLANG_WARN_STRICT_PROTOTYPES = YES;
				CLANG_WARN_SUSPICIOUS_MOVE = YES;
				CLANG_WARN_UNGUARDED_AVAILABILITY = YES_AGGRESSIVE;
				CLANG_WARN_UNREACHABLE_CODE = YES;
				CLANG_WARN__DUPLICATE_METHOD_MATCH = YES;
				COPY_PHASE_STRIP = NO;
				DEBUG_INFORMATION_FORMAT = dwarf;
				ENABLE_STRICT_OBJC_MSGSEND = YES;
				ENABLE_TESTABILITY = YES;
				GCC_C_LANGUAGE_STANDARD = gnu11;
				GCC_DYNAMIC_NO_PIC = NO;
				GCC_NO_COMMON_BLOCKS = YES;
				GCC_OPTIMIZATION_LEVEL = 0;
				GCC_PREPROCESSOR_DEFINITIONS = (
					"DEBUG=1",
					"$(inherited)",
				);
				GCC_WARN_64_TO_32_BIT_CONVERSION = YES;
				GCC_WARN_ABOUT_RETURN_TYPE = YES_ERROR;
				GCC_WARN_UNDECLARED_SELECTOR = YES;
				GCC_WARN_UNINITIALIZED_AUTOS = YES_AGGRESSIVE;
				GCC_WARN_UNUSED_FUNCTION = YES;
				GCC_WARN_UNUSED_VARIABLE = YES;
				IPHONEOS_DEPLOYMENT_TARGET = 14.4;
				MTL_ENABLE_DEBUG_INFO = INCLUDE_SOURCE;
				MTL_FAST_MATH = YES;
				ONLY_ACTIVE_ARCH = YES;
				SDKROOT = iphoneos;
				SWIFT_ACTIVE_COMPILATION_CONDITIONS = DEBUG;
				SWIFT_OPTIMIZATION_LEVEL = "-Onone";
			};
			name = Debug;
		};
		B4170426261B7551004FF9D9 /* Release */ = {
			isa = XCBuildConfiguration;
			buildSettings = {
				ALWAYS_SEARCH_USER_PATHS = NO;
				CLANG_ANALYZER_NONNULL = YES;
				CLANG_ANALYZER_NUMBER_OBJECT_CONVERSION = YES_AGGRESSIVE;
				CLANG_CXX_LANGUAGE_STANDARD = "gnu++14";
				CLANG_CXX_LIBRARY = "libc++";
				CLANG_ENABLE_MODULES = YES;
				CLANG_ENABLE_OBJC_ARC = YES;
				CLANG_ENABLE_OBJC_WEAK = YES;
				CLANG_WARN_BLOCK_CAPTURE_AUTORELEASING = YES;
				CLANG_WARN_BOOL_CONVERSION = YES;
				CLANG_WARN_COMMA = YES;
				CLANG_WARN_CONSTANT_CONVERSION = YES;
				CLANG_WARN_DEPRECATED_OBJC_IMPLEMENTATIONS = YES;
				CLANG_WARN_DIRECT_OBJC_ISA_USAGE = YES_ERROR;
				CLANG_WARN_DOCUMENTATION_COMMENTS = YES;
				CLANG_WARN_EMPTY_BODY = YES;
				CLANG_WARN_ENUM_CONVERSION = YES;
				CLANG_WARN_INFINITE_RECURSION = YES;
				CLANG_WARN_INT_CONVERSION = YES;
				CLANG_WARN_NON_LITERAL_NULL_CONVERSION = YES;
				CLANG_WARN_OBJC_IMPLICIT_RETAIN_SELF = YES;
				CLANG_WARN_OBJC_LITERAL_CONVERSION = YES;
				CLANG_WARN_OBJC_ROOT_CLASS = YES_ERROR;
				CLANG_WARN_QUOTED_INCLUDE_IN_FRAMEWORK_HEADER = YES;
				CLANG_WARN_RANGE_LOOP_ANALYSIS = YES;
				CLANG_WARN_STRICT_PROTOTYPES = YES;
				CLANG_WARN_SUSPICIOUS_MOVE = YES;
				CLANG_WARN_UNGUARDED_AVAILABILITY = YES_AGGRESSIVE;
				CLANG_WARN_UNREACHABLE_CODE = YES;
				CLANG_WARN__DUPLICATE_METHOD_MATCH = YES;
				COPY_PHASE_STRIP = NO;
				DEBUG_INFORMATION_FORMAT = "dwarf-with-dsym";
				ENABLE_NS_ASSERTIONS = NO;
				ENABLE_STRICT_OBJC_MSGSEND = YES;
				GCC_C_LANGUAGE_STANDARD = gnu11;
				GCC_NO_COMMON_BLOCKS = YES;
				GCC_WARN_64_TO_32_BIT_CONVERSION = YES;
				GCC_WARN_ABOUT_RETURN_TYPE = YES_ERROR;
				GCC_WARN_UNDECLARED_SELECTOR = YES;
				GCC_WARN_UNINITIALIZED_AUTOS = YES_AGGRESSIVE;
				GCC_WARN_UNUSED_FUNCTION = YES;
				GCC_WARN_UNUSED_VARIABLE = YES;
				IPHONEOS_DEPLOYMENT_TARGET = 14.4;
				MTL_ENABLE_DEBUG_INFO = NO;
				MTL_FAST_MATH = YES;
				SDKROOT = iphoneos;
				SWIFT_COMPILATION_MODE = wholemodule;
				SWIFT_OPTIMIZATION_LEVEL = "-O";
				VALIDATE_PRODUCT = YES;
			};
			name = Release;
		};
		B4170428261B7551004FF9D9 /* Debug */ = {
			isa = XCBuildConfiguration;
			buildSettings = {
				ASSETCATALOG_COMPILER_APPICON_NAME = AppIcon;
				ASSETCATALOG_COMPILER_GLOBAL_ACCENT_COLOR_NAME = AccentColor;
				CODE_SIGN_STYLE = Automatic;
				DEVELOPMENT_TEAM = 95KTG3M5L3;
				INFOPLIST_FILE = UpMood/Info.plist;
				LD_RUNPATH_SEARCH_PATHS = (
					"$(inherited)",
					"@executable_path/Frameworks",
				);
				PRODUCT_BUNDLE_IDENTIFIER = "Apple-Developer.UpMood";
				PRODUCT_NAME = "$(TARGET_NAME)";
				SWIFT_VERSION = 5.0;
				TARGETED_DEVICE_FAMILY = "1,2";
			};
			name = Debug;
		};
		B4170429261B7551004FF9D9 /* Release */ = {
			isa = XCBuildConfiguration;
			buildSettings = {
				ASSETCATALOG_COMPILER_APPICON_NAME = AppIcon;
				ASSETCATALOG_COMPILER_GLOBAL_ACCENT_COLOR_NAME = AccentColor;
				CODE_SIGN_STYLE = Automatic;
				DEVELOPMENT_TEAM = 95KTG3M5L3;
				INFOPLIST_FILE = UpMood/Info.plist;
				LD_RUNPATH_SEARCH_PATHS = (
					"$(inherited)",
					"@executable_path/Frameworks",
				);
				PRODUCT_BUNDLE_IDENTIFIER = "Apple-Developer.UpMood";
				PRODUCT_NAME = "$(TARGET_NAME)";
				SWIFT_VERSION = 5.0;
				TARGETED_DEVICE_FAMILY = "1,2";
			};
			name = Release;
		};
/* End XCBuildConfiguration section */

/* Begin XCConfigurationList section */
		B417040E261B7550004FF9D9 /* Build configuration list for PBXProject "UpMood" */ = {
			isa = XCConfigurationList;
			buildConfigurations = (
				B4170425261B7551004FF9D9 /* Debug */,
				B4170426261B7551004FF9D9 /* Release */,
			);
			defaultConfigurationIsVisible = 0;
			defaultConfigurationName = Release;
		};
		B4170427261B7551004FF9D9 /* Build configuration list for PBXNativeTarget "UpMood" */ = {
			isa = XCConfigurationList;
			buildConfigurations = (
				B4170428261B7551004FF9D9 /* Debug */,
				B4170429261B7551004FF9D9 /* Release */,
			);
			defaultConfigurationIsVisible = 0;
			defaultConfigurationName = Release;
		};
/* End XCConfigurationList section */

/* Begin XCVersionGroup section */
		70E599B826240D3500110F63 /* TempDataUpmood.xcdatamodeld */ = {
			isa = XCVersionGroup;
			children = (
				70E599B926240D3500110F63 /* TempDataUpmood.xcdatamodel */,
			);
			currentVersion = 70E599B926240D3500110F63 /* TempDataUpmood.xcdatamodel */;
			path = TempDataUpmood.xcdatamodeld;
			sourceTree = "<group>";
			versionGroupType = wrapper.xcdatamodel;
		};
/* End XCVersionGroup section */
	};
	rootObject = B417040B261B7550004FF9D9 /* Project object */;
}
